
Microsoft Visual Studio Solution File, Format Version 12.00
# Visual Studio Version 16
VisualStudioVersion = 16.0.31911.196
MinimumVisualStudioVersion = 10.0.40219.1
Project("{9A19103F-16F7-4668-BE54-9A1E7A4F7556}") = "Week8HW", "Week8HW\Week8HW.csproj", "{508FEB54-A8AE-4CC3-9CFF-F0F6C59ED815}"
EndProject
Project("{9A19103F-16F7-4668-BE54-9A1E7A4F7556}") = "Test", "Test\Test.csproj", "{7E351F97-889A-41AE-A0BA-7AA2D96CE94E}"
EndProject
Project("{FAE04EC0-301F-11D3-BF4B-00C04F79EFBC}") = "q1", "q1\q1.csproj", "{91E9AE10-E675-4DE4-89CA-E1CF10424492}"
EndProject
Global
	GlobalSection(SolutionConfigurationPlatforms) = preSolution
		Debug|Any CPU = Debug|Any CPU
		Release|Any CPU = Release|Any CPU
	EndGlobalSection
	GlobalSection(ProjectConfigurationPlatforms) = postSolution
		{508FEB54-A8AE-4CC3-9CFF-F0F6C59ED815}.Debug|Any CPU.ActiveCfg = Debug|Any CPU
		{508FEB54-A8AE-4CC3-9CFF-F0F6C59ED815}.Debug|Any CPU.Build.0 = Debug|Any CPU
		{508FEB54-A8AE-4CC3-9CFF-F0F6C59ED815}.Release|Any CPU.ActiveCfg = Release|Any CPU
		{508FEB54-A8AE-4CC3-9CFF-F0F6C59ED815}.Release|Any CPU.Build.0 = Release|Any CPU
		{7E351F97-889A-41AE-A0BA-7AA2D96CE94E}.Debug|Any CPU.ActiveCfg = Debug|Any CPU
		{7E351F97-889A-41AE-A0BA-7AA2D96CE94E}.Debug|Any CPU.Build.0 = Debug|Any CPU
		{7E351F97-889A-41AE-A0BA-7AA2D96CE94E}.Release|Any CPU.ActiveCfg = Release|Any CPU
		{7E351F97-889A-41AE-A0BA-7AA2D96CE94E}.Release|Any CPU.Build.0 = Release|Any CPU
		{91E9AE10-E675-4DE4-89CA-E1CF10424492}.Debug|Any CPU.ActiveCfg = Debug|Any CPU
		{91E9AE10-E675-4DE4-89CA-E1CF10424492}.Debug|Any CPU.Build.0 = Debug|Any CPU
		{91E9AE10-E675-4DE4-89CA-E1CF10424492}.Release|Any CPU.ActiveCfg = Release|Any CPU
		{91E9AE10-E675-4DE4-89CA-E1CF10424492}.Release|Any CPU.Build.0 = Release|Any CPU
	EndGlobalSection
	GlobalSection(SolutionProperties) = preSolution
		HideSolutionNode = FALSE
	EndGlobalSection
	GlobalSection(ExtensibilityGlobals) = postSolution
		SolutionGuid = {F4B7B7C4-B277-4144-8622-FA2AF20BF7C4}
	EndGlobalSection
EndGlobal
